
Microsoft Visual Studio Solution File, Format Version 12.00
# Visual Studio Version 16
VisualStudioVersion = 16.0.30804.86
MinimumVisualStudioVersion = 10.0.40219.1
Project("{FAE04EC0-301F-11D3-BF4B-00C04F79EFBC}") = "PrancaBeauty.WebApp", "PrancaBeauty.WebApp\PrancaBeauty.WebApp.csproj", "{19424BE1-4E8F-493B-BE66-9E589BC4109A}"
EndProject
Global
	GlobalSection(SolutionConfigurationPlatforms) = preSolution
		Debug|Any CPU = Debug|Any CPU
		Release|Any CPU = Release|Any CPU
	EndGlobalSection
	GlobalSection(ProjectConfigurationPlatforms) = postSolution
		{19424BE1-4E8F-493B-BE66-9E589BC4109A}.Debug|Any CPU.ActiveCfg = Debug|Any CPU
		{19424BE1-4E8F-493B-BE66-9E589BC4109A}.Debug|Any CPU.Build.0 = Debug|Any CPU
		{19424BE1-4E8F-493B-BE66-9E589BC4109A}.Release|Any CPU.ActiveCfg = Release|Any CPU
		{19424BE1-4E8F-493B-BE66-9E589BC4109A}.Release|Any CPU.Build.0 = Release|Any CPU
	EndGlobalSection
	GlobalSection(SolutionProperties) = preSolution
		HideSolutionNode = FALSE
	EndGlobalSection
	GlobalSection(ExtensibilityGlobals) = postSolution
		SolutionGuid = {13F12740-09A0-4110-96AD-17BCC19B7220}
	EndGlobalSection
EndGlobal
